
Microsoft Visual Studio Solution File, Format Version 12.00
# Visual Studio 2012
Project("{FAE04EC0-301F-11D3-BF4B-00C04F79EFBC}") = "Enforcer.Service", "Enforcer.Service\Enforcer.Service.csproj", "{7DDA41EE-5BA5-419B-800F-1CC409FD5DBD}"
EndProject
Project("{FAE04EC0-301F-11D3-BF4B-00C04F79EFBC}") = "Enforcer.Web", "Enforcer.Web\Enforcer.Web.csproj", "{9551FAA9-2F59-49BB-8310-32AD20278A91}"
	ProjectSection(ProjectDependencies) = postProject
		{7DDA41EE-5BA5-419B-800F-1CC409FD5DBD} = {7DDA41EE-5BA5-419B-800F-1CC409FD5DBD}
	EndProjectSection
EndProject
Global
	GlobalSection(SolutionConfigurationPlatforms) = preSolution
		Debug|Any CPU = Debug|Any CPU
		Release|Any CPU = Release|Any CPU
	EndGlobalSection
	GlobalSection(ProjectConfigurationPlatforms) = postSolution
		{7DDA41EE-5BA5-419B-800F-1CC409FD5DBD}.Debug|Any CPU.ActiveCfg = Debug|Any CPU
		{7DDA41EE-5BA5-419B-800F-1CC409FD5DBD}.Debug|Any CPU.Build.0 = Debug|Any CPU
		{7DDA41EE-5BA5-419B-800F-1CC409FD5DBD}.Release|Any CPU.ActiveCfg = Release|Any CPU
		{7DDA41EE-5BA5-419B-800F-1CC409FD5DBD}.Release|Any CPU.Build.0 = Release|Any CPU
		{9551FAA9-2F59-49BB-8310-32AD20278A91}.Debug|Any CPU.ActiveCfg = Debug|Any CPU
		{9551FAA9-2F59-49BB-8310-32AD20278A91}.Debug|Any CPU.Build.0 = Debug|Any CPU
		{9551FAA9-2F59-49BB-8310-32AD20278A91}.Release|Any CPU.ActiveCfg = Release|Any CPU
		{9551FAA9-2F59-49BB-8310-32AD20278A91}.Release|Any CPU.Build.0 = Release|Any CPU
	EndGlobalSection
	GlobalSection(SolutionProperties) = preSolution
		HideSolutionNode = FALSE
	EndGlobalSection
EndGlobal
